
Microsoft Visual Studio Solution File, Format Version 12.00
# Visual Studio Version 16
VisualStudioVersion = 16.0.30204.135
MinimumVisualStudioVersion = 10.0.40219.1
Project("{FAE04EC0-301F-11D3-BF4B-00C04F79EFBC}") = "RadPripravnosti", "MagiBazaSQLITE\RadPripravnosti.csproj", "{295EB5CC-A0B5-4B42-B9E6-E620A7B0F3B3}"
EndProject
Global
	GlobalSection(SolutionConfigurationPlatforms) = preSolution
		Debug|Any CPU = Debug|Any CPU
		Release|Any CPU = Release|Any CPU
	EndGlobalSection
	GlobalSection(ProjectConfigurationPlatforms) = postSolution
		{295EB5CC-A0B5-4B42-B9E6-E620A7B0F3B3}.Debug|Any CPU.ActiveCfg = Debug|Any CPU
		{295EB5CC-A0B5-4B42-B9E6-E620A7B0F3B3}.Debug|Any CPU.Build.0 = Debug|Any CPU
		{295EB5CC-A0B5-4B42-B9E6-E620A7B0F3B3}.Release|Any CPU.ActiveCfg = Release|Any CPU
		{295EB5CC-A0B5-4B42-B9E6-E620A7B0F3B3}.Release|Any CPU.Build.0 = Release|Any CPU
	EndGlobalSection
	GlobalSection(SolutionProperties) = preSolution
		HideSolutionNode = FALSE
	EndGlobalSection
	GlobalSection(ExtensibilityGlobals) = postSolution
		SolutionGuid = {0C27D7F6-BC35-4A16-A6EF-BC3BA31F3FD0}
	EndGlobalSection
EndGlobal
